
Microsoft Visual Studio Solution File, Format Version 12.00
# Visual Studio Version 17
VisualStudioVersion = 17.3.32901.215
MinimumVisualStudioVersion = 10.0.40219.1
Project("{FAE04EC0-301F-11D3-BF4B-00C04F79EFBC}") = "AoC-Day1", "aoc1\AoC-Day1.csproj", "{A5FC836A-E524-4AD5-B763-7515B5103F69}"
EndProject
Project("{2150E333-8FDC-42A3-9474-1A3956D46DE8}") = "Solution Items", "Solution Items", "{D058A270-6B5B-454F-A1D4-901DE86514E2}"
EndProject
Project("{FAE04EC0-301F-11D3-BF4B-00C04F79EFBC}") = "AoC-Day2", "AoC2\AoC-Day2.csproj", "{4EAFCDAB-A000-4C8A-B50D-BDB9A0B2B99B}"
EndProject
Project("{FAE04EC0-301F-11D3-BF4B-00C04F79EFBC}") = "AoC-Day3", "AoC-Day3\AoC-Day3.csproj", "{A7EFC09B-0656-404B-A1AF-14CE3A9D40A2}"
EndProject
Project("{FAE04EC0-301F-11D3-BF4B-00C04F79EFBC}") = "AoC-Day4", "AoC-DAy4\AoC-Day4.csproj", "{775E98B2-749E-4F55-AF24-7828A94E3CFA}"
EndProject
Project("{FAE04EC0-301F-11D3-BF4B-00C04F79EFBC}") = "AoC-Day5", "AoC-Day5\AoC-Day5.csproj", "{A68E32FF-7245-41EB-B107-517704DC5620}"
EndProject
Project("{FAE04EC0-301F-11D3-BF4B-00C04F79EFBC}") = "AoC-Day6", "AoC-Day6\AoC-Day6.csproj", "{20B94359-3E6C-4897-AA90-5C2B9733A4B9}"
EndProject
Project("{FAE04EC0-301F-11D3-BF4B-00C04F79EFBC}") = "AoC-Day7", "AoC-Day7\AoC-Day7.csproj", "{94F8D873-CE8C-4196-A4BA-7C0654E9D566}"
EndProject
Project("{FAE04EC0-301F-11D3-BF4B-00C04F79EFBC}") = "AoC-Day8", "AoC-Day8\AoC-Day8.csproj", "{75EC777C-5450-4500-9FD3-21A5F9E1FFBA}"
EndProject
Global
	GlobalSection(SolutionConfigurationPlatforms) = preSolution
		Debug|Any CPU = Debug|Any CPU
		Release|Any CPU = Release|Any CPU
	EndGlobalSection
	GlobalSection(ProjectConfigurationPlatforms) = postSolution
		{A5FC836A-E524-4AD5-B763-7515B5103F69}.Debug|Any CPU.ActiveCfg = Debug|Any CPU
		{A5FC836A-E524-4AD5-B763-7515B5103F69}.Debug|Any CPU.Build.0 = Debug|Any CPU
		{A5FC836A-E524-4AD5-B763-7515B5103F69}.Release|Any CPU.ActiveCfg = Release|Any CPU
		{A5FC836A-E524-4AD5-B763-7515B5103F69}.Release|Any CPU.Build.0 = Release|Any CPU
		{4EAFCDAB-A000-4C8A-B50D-BDB9A0B2B99B}.Debug|Any CPU.ActiveCfg = Debug|Any CPU
		{4EAFCDAB-A000-4C8A-B50D-BDB9A0B2B99B}.Debug|Any CPU.Build.0 = Debug|Any CPU
		{4EAFCDAB-A000-4C8A-B50D-BDB9A0B2B99B}.Release|Any CPU.ActiveCfg = Release|Any CPU
		{4EAFCDAB-A000-4C8A-B50D-BDB9A0B2B99B}.Release|Any CPU.Build.0 = Release|Any CPU
		{A7EFC09B-0656-404B-A1AF-14CE3A9D40A2}.Debug|Any CPU.ActiveCfg = Debug|Any CPU
		{A7EFC09B-0656-404B-A1AF-14CE3A9D40A2}.Debug|Any CPU.Build.0 = Debug|Any CPU
		{A7EFC09B-0656-404B-A1AF-14CE3A9D40A2}.Release|Any CPU.ActiveCfg = Release|Any CPU
		{A7EFC09B-0656-404B-A1AF-14CE3A9D40A2}.Release|Any CPU.Build.0 = Release|Any CPU
		{775E98B2-749E-4F55-AF24-7828A94E3CFA}.Debug|Any CPU.ActiveCfg = Debug|Any CPU
		{775E98B2-749E-4F55-AF24-7828A94E3CFA}.Debug|Any CPU.Build.0 = Debug|Any CPU
		{775E98B2-749E-4F55-AF24-7828A94E3CFA}.Release|Any CPU.ActiveCfg = Release|Any CPU
		{775E98B2-749E-4F55-AF24-7828A94E3CFA}.Release|Any CPU.Build.0 = Release|Any CPU
		{A68E32FF-7245-41EB-B107-517704DC5620}.Debug|Any CPU.ActiveCfg = Debug|Any CPU
		{A68E32FF-7245-41EB-B107-517704DC5620}.Debug|Any CPU.Build.0 = Debug|Any CPU
		{A68E32FF-7245-41EB-B107-517704DC5620}.Release|Any CPU.ActiveCfg = Release|Any CPU
		{A68E32FF-7245-41EB-B107-517704DC5620}.Release|Any CPU.Build.0 = Release|Any CPU
		{20B94359-3E6C-4897-AA90-5C2B9733A4B9}.Debug|Any CPU.ActiveCfg = Debug|Any CPU
		{20B94359-3E6C-4897-AA90-5C2B9733A4B9}.Debug|Any CPU.Build.0 = Debug|Any CPU
		{20B94359-3E6C-4897-AA90-5C2B9733A4B9}.Release|Any CPU.ActiveCfg = Release|Any CPU
		{20B94359-3E6C-4897-AA90-5C2B9733A4B9}.Release|Any CPU.Build.0 = Release|Any CPU
		{94F8D873-CE8C-4196-A4BA-7C0654E9D566}.Debug|Any CPU.ActiveCfg = Debug|Any CPU
		{94F8D873-CE8C-4196-A4BA-7C0654E9D566}.Debug|Any CPU.Build.0 = Debug|Any CPU
		{94F8D873-CE8C-4196-A4BA-7C0654E9D566}.Release|Any CPU.ActiveCfg = Release|Any CPU
		{94F8D873-CE8C-4196-A4BA-7C0654E9D566}.Release|Any CPU.Build.0 = Release|Any CPU
		{75EC777C-5450-4500-9FD3-21A5F9E1FFBA}.Debug|Any CPU.ActiveCfg = Debug|Any CPU
		{75EC777C-5450-4500-9FD3-21A5F9E1FFBA}.Debug|Any CPU.Build.0 = Debug|Any CPU
		{75EC777C-5450-4500-9FD3-21A5F9E1FFBA}.Release|Any CPU.ActiveCfg = Release|Any CPU
		{75EC777C-5450-4500-9FD3-21A5F9E1FFBA}.Release|Any CPU.Build.0 = Release|Any CPU
	EndGlobalSection
	GlobalSection(SolutionProperties) = preSolution
		HideSolutionNode = FALSE
	EndGlobalSection
	GlobalSection(ExtensibilityGlobals) = postSolution
		SolutionGuid = {625C7455-7243-46D6-9EA5-24BE26F98DA4}
	EndGlobalSection
EndGlobal
