
Microsoft Visual Studio Solution File, Format Version 12.00
# Visual Studio Version 17
VisualStudioVersion = 17.3.32901.215
MinimumVisualStudioVersion = 10.0.40219.1
Project("{FAE04EC0-301F-11D3-BF4B-00C04F79EFBC}") = "AoC-Day1", "aoc1\AoC-Day1.csproj", "{A5FC836A-E524-4AD5-B763-7515B5103F69}"
EndProject
Project("{2150E333-8FDC-42A3-9474-1A3956D46DE8}") = "Solution Items", "Solution Items", "{D058A270-6B5B-454F-A1D4-901DE86514E2}"
EndProject
Project("{FAE04EC0-301F-11D3-BF4B-00C04F79EFBC}") = "AoC-Day2", "AoC2\AoC-Day2.csproj", "{4EAFCDAB-A000-4C8A-B50D-BDB9A0B2B99B}"
EndProject
Project("{FAE04EC0-301F-11D3-BF4B-00C04F79EFBC}") = "AoC-Day3", "AoC-Day3\AoC-Day3.csproj", "{A7EFC09B-0656-404B-A1AF-14CE3A9D40A2}"
EndProject
Global
	GlobalSection(SolutionConfigurationPlatforms) = preSolution
		Debug|Any CPU = Debug|Any CPU
		Release|Any CPU = Release|Any CPU
	EndGlobalSection
	GlobalSection(ProjectConfigurationPlatforms) = postSolution
		{A5FC836A-E524-4AD5-B763-7515B5103F69}.Debug|Any CPU.ActiveCfg = Debug|Any CPU
		{A5FC836A-E524-4AD5-B763-7515B5103F69}.Debug|Any CPU.Build.0 = Debug|Any CPU
		{A5FC836A-E524-4AD5-B763-7515B5103F69}.Release|Any CPU.ActiveCfg = Release|Any CPU
		{A5FC836A-E524-4AD5-B763-7515B5103F69}.Release|Any CPU.Build.0 = Release|Any CPU
		{4EAFCDAB-A000-4C8A-B50D-BDB9A0B2B99B}.Debug|Any CPU.ActiveCfg = Debug|Any CPU
		{4EAFCDAB-A000-4C8A-B50D-BDB9A0B2B99B}.Debug|Any CPU.Build.0 = Debug|Any CPU
		{4EAFCDAB-A000-4C8A-B50D-BDB9A0B2B99B}.Release|Any CPU.ActiveCfg = Release|Any CPU
		{4EAFCDAB-A000-4C8A-B50D-BDB9A0B2B99B}.Release|Any CPU.Build.0 = Release|Any CPU
		{A7EFC09B-0656-404B-A1AF-14CE3A9D40A2}.Debug|Any CPU.ActiveCfg = Debug|Any CPU
		{A7EFC09B-0656-404B-A1AF-14CE3A9D40A2}.Debug|Any CPU.Build.0 = Debug|Any CPU
		{A7EFC09B-0656-404B-A1AF-14CE3A9D40A2}.Release|Any CPU.ActiveCfg = Release|Any CPU
		{A7EFC09B-0656-404B-A1AF-14CE3A9D40A2}.Release|Any CPU.Build.0 = Release|Any CPU
	EndGlobalSection
	GlobalSection(SolutionProperties) = preSolution
		HideSolutionNode = FALSE
	EndGlobalSection
	GlobalSection(ExtensibilityGlobals) = postSolution
		SolutionGuid = {625C7455-7243-46D6-9EA5-24BE26F98DA4}
	EndGlobalSection
EndGlobal
